
Microsoft Visual Studio Solution File, Format Version 12.00
# Visual Studio 15
VisualStudioVersion = 15.0.28307.705
MinimumVisualStudioVersion = 10.0.40219.1
Project("{E24C65DC-7377-472B-9ABA-BC803B73C61A}") = "COMP213", "..\..\..\Semester01\COMP213\", "{8A9B77B7-12A3-4243-836F-5D362D80DF6B}"
	ProjectSection(WebsiteProperties) = preProject
		TargetFrameworkMoniker = ".NETFramework,Version%3Dv4.0"
		Debug.AspNetCompiler.VirtualPath = "/localhost_57245"
		Debug.AspNetCompiler.PhysicalPath = "..\..\..\Semester01\COMP213\"
		Debug.AspNetCompiler.TargetPath = "PrecompiledWeb\localhost_57245\"
		Debug.AspNetCompiler.Updateable = "true"
		Debug.AspNetCompiler.ForceOverwrite = "true"
		Debug.AspNetCompiler.FixedNames = "false"
		Debug.AspNetCompiler.Debug = "True"
		Release.AspNetCompiler.VirtualPath = "/localhost_57245"
		Release.AspNetCompiler.PhysicalPath = "..\..\..\Semester01\COMP213\"
		Release.AspNetCompiler.TargetPath = "PrecompiledWeb\localhost_57245\"
		Release.AspNetCompiler.Updateable = "true"
		Release.AspNetCompiler.ForceOverwrite = "true"
		Release.AspNetCompiler.FixedNames = "false"
		Release.AspNetCompiler.Debug = "False"
		VWDPort = "57245"
	EndProjectSection
EndProject
Global
	GlobalSection(SolutionConfigurationPlatforms) = preSolution
		Debug|Any CPU = Debug|Any CPU
	EndGlobalSection
	GlobalSection(ProjectConfigurationPlatforms) = postSolution
		{8A9B77B7-12A3-4243-836F-5D362D80DF6B}.Debug|Any CPU.ActiveCfg = Debug|Any CPU
		{8A9B77B7-12A3-4243-836F-5D362D80DF6B}.Debug|Any CPU.Build.0 = Debug|Any CPU
	EndGlobalSection
	GlobalSection(SolutionProperties) = preSolution
		HideSolutionNode = FALSE
	EndGlobalSection
	GlobalSection(ExtensibilityGlobals) = postSolution
		SolutionGuid = {2DEA2EF1-4A74-4758-9402-CC5A39818D87}
	EndGlobalSection
EndGlobal
